version = 1
revision = 3
requires-python = ">=3.14"

[[package]]
name = "altgraph"
version = "0.17.5"
source = { registry = "https://pypi.org/simple" }
sdist = { url = "https://files.pythonhosted.org/packages/7e/f8/97fdf103f38fed6792a1601dbc16cc8aac56e7459a9fff08c812d8ae177a/altgraph-0.17.5.tar.gz", hash = "sha256:c87b395dd12fabde9c99573a9749d67da8d29ef9de0125c7f536699b4a9bc9e7", size = 48428, upload-time = "2025-11-21T20:35:50.583Z" }
wheels = [
    { url = "https://files.pythonhosted.org/packages/a9/ba/000a1996d4308bc65120167c21241a3b205464a2e0b58deda26ae8ac21d1/altgraph-0.17.5-py2.py3-none-any.whl", hash = "sha256:f3a22400bce1b0c701683820ac4f3b159cd301acab067c51c653e06961600597", size = 21228, upload-time = "2025-11-21T20:35:49.444Z" },
]

[[package]]
name = "assertpy2"
version = "2.6.0"
source = { registry = "https://pypi.org/simple" }
sdist = { url = "https://files.pythonhosted.org/packages/ad/b1/9d4466711f870875e3d3ccb0a69c74754d2576124dba2519bf3b6ebe9752/assertpy2-2.6.0.tar.gz", hash = "sha256:9d630272a3a163420147db7c9a95996ebbd57988fb2db1f07f8a935d954c856a", size = 209933, upload-time = "2026-06-20T18:26:01.51Z" }
wheels = [
    { url = "https://files.pythonhosted.org/packages/30/fe/5e3b115fe797343217a920ea39699f3c48762681ce9f26876138657da48d/assertpy2-2.6.0-py3-none-any.whl", hash = "sha256:f4fba62a356a08bb5b47083e6ad294778434a90ebc9c6d91730aaa747d9d9f70", size = 64480, upload-time = "2026-06-20T18:25:59.955Z" },
]

[[package]]
name = "colorama"
version = "0.4.6"
source = { registry = "https://pypi.org/simple" }
sdist = { url = "https://files.pythonhosted.org/packages/d8/53/6f443c9a4a8358a93a6792e2acffb9d9d5cb0a5cfd8802644b7b1c9a02e4/colorama-0.4.6.tar.gz", hash = "sha256:08695f5cb7ed6e0531a20572697297273c47b8cae5a63ffc6d6ed5c201be6e44", size = 27697, upload-time = "2022-10-25T02:36:22.414Z" }
wheels = [
    { url = "https://files.pythonhosted.org/packages/d1/d6/3965ed04c63042e047cb6a3e6ed1a63a35087b6a609aa3a15ed8ac56c221/colorama-0.4.6-py2.py3-none-any.whl", hash = "sha256:4f1d9991f5acc0ca119f9d443620b77f9d6b33703e51011c16baf57afb285fc6", size = 25335, upload-time = "2022-10-25T02:36:20.889Z" },
]

[[package]]
name = "coverage"
version = "7.14.2"
source = { registry = "https://pypi.org/simple" }
sdist = { url = "https://files.pythonhosted.org/packages/9c/a3/3834a5564fe8f32154cd7032400d3c2f9c565b2a373fa671f2bbdad6f634/coverage-7.14.2.tar.gz", hash = "sha256:7a2da3d81cfe17c18038c6d98e6592aa9147d596d056119b0ee612c3c8bd5230", size = 923982, upload-time = "2026-06-20T14:49:30.885Z" }
wheels = [
    { url = "https://files.pythonhosted.org/packages/fc/bc/120390669817ede714ab141ae0a2a73240fd7354aac992c41dc0bd19570f/coverage-7.14.2-cp314-cp314-macosx_10_15_x86_64.whl", hash = "sha256:7a0d1f026b72d627fa5c8a57cbc86ad209b64aa2a65833c83b290ace5cbee126", size = 220593, upload-time = "2026-06-20T14:48:35.755Z" },
    { url = "https://files.pythonhosted.org/packages/4f/a3/7f1cfacd76af91e585f7ad689d7168002b444ed2a8ce59f2daaff10089b5/coverage-7.14.2-cp314-cp314-macosx_11_0_arm64.whl", hash = "sha256:4d2b86f81c1c9310a7e774e3cc9e927a3d0bf583ecbfa01498dd626930025428", size = 220925, upload-time = "2026-06-20T14:48:37.35Z" },
    { url = "https://files.pythonhosted.org/packages/e7/10/6514b2525bb672eb8b43703e46d061d694111db21efe7609db722df2233f/coverage-7.14.2-cp314-cp314-manylinux1_i686.manylinux_2_28_i686.manylinux_2_5_i686.whl", hash = "sha256:d76bdc1f9396ae70a55d050cf9743d88141c62ce0a22a3f627fab1d11c2f8bc6", size = 251974, upload-time = "2026-06-20T14:48:39.109Z" },
    { url = "https://files.pythonhosted.org/packages/23/b4/4533091541c6620ecd68115bbfa1c61265b775618adef3a5fd137f4582e9/coverage-7.14.2-cp314-cp314-manylinux1_x86_64.manylinux_2_28_x86_64.manylinux_2_5_x86_64.whl", hash = "sha256:cda36d8e7bfd63b3e44e75163265429caa5d935b672b00f71bccc8c010518c64", size = 254479, upload-time = "2026-06-20T14:48:40.871Z" },
    { url = "https://files.pythonhosted.org/packages/06/af/e251a143d5d106385dbca696c553afab6b69f7f6bc376a34e089cc0b8b32/coverage-7.14.2-cp314-cp314-manylinux2014_aarch64.manylinux_2_17_aarch64.manylinux_2_28_aarch64.whl", hash = "sha256:0904f3b79d7b845bef0715afe1900da634d12b97f05b9479cb472880ca07cb9c", size = 255824, upload-time = "2026-06-20T14:48:42.608Z" },
    { url = "https://files.pythonhosted.org/packages/9c/53/9e5876e60efbaa79d743d1948a5015ddc05b808db1cd62228acf83e87d43/coverage-7.14.2-cp314-cp314-manylinux2014_ppc64le.manylinux_2_17_ppc64le.manylinux_2_28_ppc64le.whl", hash = "sha256:b6795ca4198d6cb7fc2c6163214f6555a6bc5f0ae1e268e76139dec4b37c4499", size = 258139, upload-time = "2026-06-20T14:48:44.263Z" },
    { url = "https://files.pythonhosted.org/packages/85/5a/d35a4f431fb594e46b81cad4a13b470b017e918f347c1c0b260f7494fa1e/coverage-7.14.2-cp314-cp314-manylinux_2_31_riscv64.manylinux_2_39_riscv64.whl", hash = "sha256:c41e9b60fc0fa57f5d73306417d2f9d668202cca6944f9435878c55a5e7ae213", size = 252002, upload-time = "2026-06-20T14:48:45.961Z" },
    { url = "https://files.pythonhosted.org/packages/0c/e2/f5b304c8139c606c4f1b230d3a257d0c88edfbbdf06c58364f07625dc45c/coverage-7.14.2-cp314-cp314-musllinux_1_2_aarch64.whl", hash = "sha256:419d2aadd5746efc2e9df0f33c05570d8192e6f6a6098ab05acce586f44ce8a5", size = 253832, upload-time = "2026-06-20T14:48:47.582Z" },
    { url = "https://files.pythonhosted.org/packages/86/bc/bbbd283daa6be4f68aad4ad4066fd39ae98e4174db8c03ab26c5803d6234/coverage-7.14.2-cp314-cp314-musllinux_1_2_i686.whl", hash = "sha256:1c5d273c5f1411c0d26c4f066c398d4a434b1f97bb5fa409189bedce86d4add4", size = 251799, upload-time = "2026-06-20T14:48:49.42Z" },
    { url = "https://files.pythonhosted.org/packages/69/8d/0745fceb89c9e5f7dd8ed243d97dc8561b7a95545741e2409d2b34654824/coverage-7.14.2-cp314-cp314-musllinux_1_2_ppc64le.whl", hash = "sha256:5fe465bc691264adce601527a972990c1174075d86bcbe9968fd20c95e0b1948", size = 256075, upload-time = "2026-06-20T14:48:51.065Z" },
    { url = "https://files.pythonhosted.org/packages/a2/a0/441d9a5255cf021ab41ee00c014a4607d1c72d5e5bef0a4fdaa5be86a907/coverage-7.14.2-cp314-cp314-musllinux_1_2_riscv64.whl", hash = "sha256:6fbb61617af1c56f95d53170ae9fa6c9aef6de1abd02fcc50064bfc672efb18d", size = 251612, upload-time = "2026-06-20T14:48:52.653Z" },
    { url = "https://files.pythonhosted.org/packages/50/37/3d19c5e32d4a529c068eb296abfa3e455bd2c0f9311ecf26280f408ff8e0/coverage-7.14.2-cp314-cp314-musllinux_1_2_x86_64.whl", hash = "sha256:e1eff22b831dfd5694989cc1f0789980f18391f614ac67c851af9a8e6d25e9ba", size = 253270, upload-time = "2026-06-20T14:48:54.3Z" },
    { url = "https://files.pythonhosted.org/packages/3d/b0/54dd13937297518da6d092cc2c39d9340ec2194bdfa92e0a64694d643e23/coverage-7.14.2-cp314-cp314-win32.whl", hash = "sha256:58e91be0a233adef698d3e6be54f10401bb91fd7854c0d4c4d50e0d3711e72f1", size = 222796, upload-time = "2026-06-20T14:48:56.084Z" },
    { url = "https://files.pythonhosted.org/packages/51/45/7a10e0909919686e335fdd95869cfb222d55243ebff27dc5cf59ca259a1f/coverage-7.14.2-cp314-cp314-win_amd64.whl", hash = "sha256:d8429bf97906bfe6c61f9dbfb3342e0d88120da61939da8bd04f830cc3eab3b8", size = 223285, upload-time = "2026-06-20T14:48:57.729Z" },
    { url = "https://files.pythonhosted.org/packages/2e/03/9cb197eb4b3d1a2eccb2537c226a93c80522c5b8afc5dd93e1993d7bb021/coverage-7.14.2-cp314-cp314-win_arm64.whl", hash = "sha256:13609d9d77249447aa73357b14831b0f3b95f275026c9ff20dd105f981f53a0c", size = 222712, upload-time = "2026-06-20T14:48:59.413Z" },
    { url = "https://files.pythonhosted.org/packages/d6/3c/e59f498511080d20bf866b0af9eeab820feb91547dae2084cb9bb7fb0e58/coverage-7.14.2-cp314-cp314t-macosx_10_15_x86_64.whl", hash = "sha256:9818486c2bac88ae931df7e04905ee29bef49fd218c00f5f02bed4855254a101", size = 221325, upload-time = "2026-06-20T14:49:01.447Z" },
    { url = "https://files.pythonhosted.org/packages/d3/37/8d7955f7e701e69198bd0a0132ea76518c078a635b930a4924e2ccfa70f0/coverage-7.14.2-cp314-cp314t-macosx_11_0_arm64.whl", hash = "sha256:58055adffabfa243516a197aa9f85f0dd56d905b0fba1a10193269759c29ccb0", size = 221594, upload-time = "2026-06-20T14:49:03.13Z" },
    { url = "https://files.pythonhosted.org/packages/34/7a/6738e1e1533ce8ec4e2e472696eefdd4723864d7efaa140e433053bf576a/coverage-7.14.2-cp314-cp314t-manylinux1_i686.manylinux_2_28_i686.manylinux_2_5_i686.whl", hash = "sha256:535747dbc200349d7fb434cffcb28e770f0290f69b225f56dc3803aa7210cdea", size = 262957, upload-time = "2026-06-20T14:49:04.829Z" },
    { url = "https://files.pythonhosted.org/packages/35/c4/d1be863cd39e0955904315fece67c5c23e046563f5eea0ceac16c547a759/coverage-7.14.2-cp314-cp314t-manylinux1_x86_64.manylinux_2_28_x86_64.manylinux_2_5_x86_64.whl", hash = "sha256:420c66e35d85c0ca5dc6a38147d83ef239762542900e5921ebbdb89333c540ea", size = 265081, upload-time = "2026-06-20T14:49:07.018Z" },
    { url = "https://files.pythonhosted.org/packages/72/7f/412df3c3c251284a11834287fd6f7e3bb98c528c53e030589e9344a3ef80/coverage-7.14.2-cp314-cp314t-manylinux2014_aarch64.manylinux_2_17_aarch64.manylinux_2_28_aarch64.whl", hash = "sha256:f2cf17b33773be446a588551ea6a746b2d70dd0bc90dc31f1dd7648975a63c6b", size = 267500, upload-time = "2026-06-20T14:49:08.709Z" },
    { url = "https://files.pythonhosted.org/packages/54/68/7d0764e83459455384d5c04179ce2d2a837bef01b9ba463079c6e8b31361/coverage-7.14.2-cp314-cp314t-manylinux2014_ppc64le.manylinux_2_17_ppc64le.manylinux_2_28_ppc64le.whl", hash = "sha256:adb4a5fef041f7179bb264203add873c147d169cf2f8d0adae89ff2e51271bac", size = 268619, upload-time = "2026-06-20T14:49:10.405Z" },
    { url = "https://files.pythonhosted.org/packages/14/68/1292164ac70cbcc86ac3982da31a6fbb42bb4bcebf6e5cf73c99cfcfd50d/coverage-7.14.2-cp314-cp314t-manylinux_2_31_riscv64.manylinux_2_39_riscv64.whl", hash = "sha256:9c012ec357dec9408a83dad5541172a63c5cfa1421709f2e5811480d31ae1b28", size = 262066, upload-time = "2026-06-20T14:49:12.257Z" },
    { url = "https://files.pythonhosted.org/packages/20/44/fd6fdf3f63b6e00a1a9230022d072ded5189576001685706aa6524187c65/coverage-7.14.2-cp314-cp314t-musllinux_1_2_aarch64.whl", hash = "sha256:dacd0ecd08fda3cb2f85b60cabea7da326dcb2fc15fbb23a88830a80144cc9f2", size = 264953, upload-time = "2026-06-20T14:49:14.13Z" },
    { url = "https://files.pythonhosted.org/packages/39/29/e803fea3da89eaeb5b6b41b3ccd039fe9f3300a900e3803baac1a998529f/coverage-7.14.2-cp314-cp314t-musllinux_1_2_i686.whl", hash = "sha256:f27e980f2feba5dfe7a32b22b125470de69c0bd113c75e16165de909a777f512", size = 262555, upload-time = "2026-06-20T14:49:15.803Z" },
    { url = "https://files.pythonhosted.org/packages/32/3c/b360e48ac68e3236c04cb83658382e7f5be7efbbec2e1faae3dcca432783/coverage-7.14.2-cp314-cp314t-musllinux_1_2_ppc64le.whl", hash = "sha256:105c00efb65c863630b2b63cbf7b8267e4da2d44b62284efbb19a03b04c337d4", size = 266289, upload-time = "2026-06-20T14:49:17.962Z" },
    { url = "https://files.pythonhosted.org/packages/59/12/1ed6d9274d599c586e2d1aa9818765dcdae6bb52aa88afa2fcd868398191/coverage-7.14.2-cp314-cp314t-musllinux_1_2_riscv64.whl", hash = "sha256:571173fa04c8e8d6235ab32ae67fecca97777e2e1b4a1a30f3022c34e397c1c1", size = 261402, upload-time = "2026-06-20T14:49:19.708Z" },
    { url = "https://files.pythonhosted.org/packages/44/17/eb6cf12a4538cda937aefbeabb15377a8a30b377b484e63d31c9da790966/coverage-7.14.2-cp314-cp314t-musllinux_1_2_x86_64.whl", hash = "sha256:e532f34d42d1a421fa00ed6b7735d14ac2e340256c1bad26a5e1dc1252b0bed7", size = 263715, upload-time = "2026-06-20T14:49:21.427Z" },
    { url = "https://files.pythonhosted.org/packages/8a/ca/4bafdb9d372ab05d6ed3a63e7f00d3195d169d0afea00f617c026e386c19/coverage-7.14.2-cp314-cp314t-win32.whl", hash = "sha256:243971550fb46c3039257f75e65610002d84304c505f609bbd9779e20a653a0a", size = 223103, upload-time = "2026-06-20T14:49:23.24Z" },
    { url = "https://files.pythonhosted.org/packages/35/cb/0765dbd9011d2e47315f1da31e62c5fe231f04a6ec8da213e64c4505896d/coverage-7.14.2-cp314-cp314t-win_amd64.whl", hash = "sha256:60fb0ca084a92da96474b8b405a7ea76dfecac3c68db54383e7934b6f3871169", size = 223934, upload-time = "2026-06-20T14:49:25.347Z" },
    { url = "https://files.pythonhosted.org/packages/4e/ce/373dde027ecd0ae54511430fe7569f838d3a0376b70333ba9fd20c76b836/coverage-7.14.2-cp314-cp314t-win_arm64.whl", hash = "sha256:36a0a3f42ed7dfdbca2a69a541519ffd5064a5692152fc0018109e74370d7345", size = 223249, upload-time = "2026-06-20T14:49:27.241Z" },
    { url = "https://files.pythonhosted.org/packages/a3/5e/a8ba14ceb014f39bd5e3f7077150718c7de61c01ce326bfe7e8eae9b19b2/coverage-7.14.2-py3-none-any.whl", hash = "sha256:04d92589e481a8b68a005a5a1e0646a91c76f322c397c4635298c57cf63699b5", size = 212325, upload-time = "2026-06-20T14:49:28.991Z" },
]

[[package]]
name = "iniconfig"
version = "2.3.0"
source = { registry = "https://pypi.org/simple" }
sdist = { url = "https://files.pythonhosted.org/packages/72/34/14ca021ce8e5dfedc35312d08ba8bf51fdd999c576889fc2c24cb97f4f10/iniconfig-2.3.0.tar.gz", hash = "sha256:c76315c77db068650d49c5b56314774a7804df16fee4402c1f19d6d15d8c4730", size = 20503, upload-time = "2025-10-18T21:55:43.219Z" }
wheels = [
    { url = "https://files.pythonhosted.org/packages/cb/b1/3846dd7f199d53cb17f49cba7e651e9ce294d8497c8c150530ed11865bb8/iniconfig-2.3.0-py3-none-any.whl", hash = "sha256:f631c04d2c48c52b84d0d0549c99ff3859c98df65b3101406327ecc7d53fbf12", size = 7484, upload-time = "2025-10-18T21:55:41.639Z" },
]

[[package]]
name = "macholib"
version = "1.16.4"
source = { registry = "https://pypi.org/simple" }
dependencies = [
    { name = "altgraph" },
]
sdist = { url = "https://files.pythonhosted.org/packages/10/2f/97589876ea967487978071c9042518d28b958d87b17dceb7cdc1d881f963/macholib-1.16.4.tar.gz", hash = "sha256:f408c93ab2e995cd2c46e34fe328b130404be143469e41bc366c807448979362", size = 59427, upload-time = "2025-11-22T08:28:38.373Z" }
wheels = [
    { url = "https://files.pythonhosted.org/packages/c7/d1/a9f36f8ecdf0fb7c9b1e78c8d7af12b8c8754e74851ac7b94a8305540fc7/macholib-1.16.4-py2.py3-none-any.whl", hash = "sha256:da1a3fa8266e30f0ce7e97c6a54eefaae8edd1e5f86f3eb8b95457cae90265ea", size = 38117, upload-time = "2025-11-22T08:28:36.939Z" },
]

[[package]]
name = "packaging"
version = "26.2"
source = { registry = "https://pypi.org/simple" }
sdist = { url = "https://files.pythonhosted.org/packages/d7/f1/e7a6dd94a8d4a5626c03e4e99c87f241ba9e350cd9e6d75123f992427270/packaging-26.2.tar.gz", hash = "sha256:ff452ff5a3e828ce110190feff1178bb1f2ea2281fa2075aadb987c2fb221661", size = 228134, upload-time = "2026-04-24T20:15:23.917Z" }
wheels = [
    { url = "https://files.pythonhosted.org/packages/df/b2/87e62e8c3e2f4b32e5fe99e0b86d576da1312593b39f47d8ceef365e95ed/packaging-26.2-py3-none-any.whl", hash = "sha256:5fc45236b9446107ff2415ce77c807cee2862cb6fac22b8a73826d0693b0980e", size = 100195, upload-time = "2026-04-24T20:15:22.081Z" },
]

[[package]]
name = "pefile"
version = "2024.8.26"
source = { registry = "https://pypi.org/simple" }
sdist = { url = "https://files.pythonhosted.org/packages/03/4f/2750f7f6f025a1507cd3b7218691671eecfd0bbebebe8b39aa0fe1d360b8/pefile-2024.8.26.tar.gz", hash = "sha256:3ff6c5d8b43e8c37bb6e6dd5085658d658a7a0bdcd20b6a07b1fcfc1c4e9d632", size = 76008, upload-time = "2024-08-26T20:58:38.155Z" }
wheels = [
    { url = "https://files.pythonhosted.org/packages/54/16/12b82f791c7f50ddec566873d5bdd245baa1491bac11d15ffb98aecc8f8b/pefile-2024.8.26-py3-none-any.whl", hash = "sha256:76f8b485dcd3b1bb8166f1128d395fa3d87af26360c2358fb75b80019b957c6f", size = 74766, upload-time = "2024-08-26T21:01:02.632Z" },
]

[[package]]
name = "pluggy"
version = "1.6.0"
source = { registry = "https://pypi.org/simple" }
sdist = { url = "https://files.pythonhosted.org/packages/f9/e2/3e91f31a7d2b083fe6ef3fa267035b518369d9511ffab804f839851d2779/pluggy-1.6.0.tar.gz", hash = "sha256:7dcc130b76258d33b90f61b658791dede3486c3e6bfb003ee5c9bfb396dd22f3", size = 69412, upload-time = "2025-05-15T12:30:07.975Z" }
wheels = [
    { url = "https://files.pythonhosted.org/packages/54/20/4d324d65cc6d9205fabedc306948156824eb9f0ee1633355a8f7ec5c66bf/pluggy-1.6.0-py3-none-any.whl", hash = "sha256:e920276dd6813095e9377c0bc5566d94c932c33b27a3e3945d8389c374dd4746", size = 20538, upload-time = "2025-05-15T12:30:06.134Z" },
]

[[package]]
name = "pygments"
version = "2.20.0"
source = { registry = "https://pypi.org/simple" }
sdist = { url = "https://files.pythonhosted.org/packages/c3/b2/bc9c9196916376152d655522fdcebac55e66de6603a76a02bca1b6414f6c/pygments-2.20.0.tar.gz", hash = "sha256:6757cd03768053ff99f3039c1a36d6c0aa0b263438fcab17520b30a303a82b5f", size = 4955991, upload-time = "2026-03-29T13:29:33.898Z" }
wheels = [
    { url = "https://files.pythonhosted.org/packages/f4/7e/a72dd26f3b0f4f2bf1dd8923c85f7ceb43172af56d63c7383eb62b332364/pygments-2.20.0-py3-none-any.whl", hash = "sha256:81a9e26dd42fd28a23a2d169d86d7ac03b46e2f8b59ed4698fb4785f946d0176", size = 1231151, upload-time = "2026-03-29T13:29:30.038Z" },
]

[[package]]
name = "pyinstaller"
version = "6.21.0"
source = { registry = "https://pypi.org/simple" }
dependencies = [
    { name = "altgraph" },
    { name = "macholib", marker = "sys_platform == 'darwin'" },
    { name = "packaging" },
    { name = "pefile", marker = "sys_platform == 'win32'" },
    { name = "pyinstaller-hooks-contrib" },
    { name = "pywin32-ctypes", marker = "sys_platform == 'win32'" },
    { name = "setuptools" },
]
sdist = { url = "https://files.pythonhosted.org/packages/d5/4d/ec706c3fcf39e26888c35b39615ff4d5865d184069666c47492cff1fbe50/pyinstaller-6.21.0.tar.gz", hash = "sha256:bb9fab705983e393a2d1cac77d6972513057ad800215fd861dc15ff5272e98fd", size = 4061519, upload-time = "2026-06-13T14:15:06.25Z" }
wheels = [
    { url = "https://files.pythonhosted.org/packages/0c/4a/53cf98bf66daed012dc9cd78c8203f19a675d696f2fc12afcf8c5049a0e0/pyinstaller-6.21.0-py3-none-macosx_10_13_universal2.whl", hash = "sha256:327d132389f37912609e01be62810cf96b5aa95b613903e4b8692e0d12fb0eda", size = 1052350, upload-time = "2026-06-13T14:13:55.88Z" },
    { url = "https://files.pythonhosted.org/packages/30/83/b591295c352ef464c50b4c6ffff1c4f771d875c9e833f578d1b9f564f6b3/pyinstaller-6.21.0-py3-none-manylinux2014_aarch64.whl", hash = "sha256:7071d4b094d5b40deeef5fa3d3b98a1b846087f7562b49209663d5f9281fe251", size = 748477, upload-time = "2026-06-13T14:14:00.327Z" },
    { url = "https://files.pythonhosted.org/packages/3d/8f/88fff4e403873b1e22286911350e75ff00db014aa08e57045da9d4328993/pyinstaller-6.21.0-py3-none-manylinux2014_i686.whl", hash = "sha256:6b6374d652107dd4a2eeece903ff82bb4045bb5e1006c5a158a6dcdbefe84bf2", size = 760877, upload-time = "2026-06-13T14:14:04.836Z" },
    { url = "https://files.pythonhosted.org/packages/8a/13/f0e48fbdfd1d05d948157121cea8b1b823dcb89efe6934b71fdd8bdb3f0f/pyinstaller-6.21.0-py3-none-manylinux2014_ppc64le.whl", hash = "sha256:4e3108b3f02384560da70e39b8bf22b0ad597d02bd68a40d76ea91c1cfa00cad", size = 759194, upload-time = "2026-06-13T14:14:10.61Z" },
    { url = "https://files.pythonhosted.org/packages/dd/d5/ea7878cf9924ed30d946d8288777424e6d069d94f5bde56b4d0890069664/pyinstaller-6.21.0-py3-none-manylinux2014_s390x.whl", hash = "sha256:697532279f535ad572bda613db4f821540e235c7854ca6da4d3bf0373f4415ee", size = 754979, upload-time = "2026-06-13T14:14:15.226Z" },
    { url = "https://files.pythonhosted.org/packages/9f/09/51b8905714b733bac66dbc041a7821372d70d888d273ae474c4037d4202d/pyinstaller-6.21.0-py3-none-manylinux2014_x86_64.whl", hash = "sha256:605169523a6b5ace39f13dfbff21add9f2bc43df99c7daf9394fefb2c45e8b6f", size = 754812, upload-time = "2026-06-13T14:14:20.264Z" },
    { url = "https://files.pythonhosted.org/packages/4b/43/d77779439d8c6c2e27a77bcfbd1d5cc0f568ebb611bb472b11af81b5f177/pyinstaller-6.21.0-py3-none-musllinux_1_1_aarch64.whl", hash = "sha256:5fa56746c1e76f93634d018502301378a2d0c382553d37d8c3c34ff436c12dd1", size = 753887, upload-time = "2026-06-13T14:14:25.268Z" },
    { url = "https://files.pythonhosted.org/packages/51/8f/c22df1f6837784ac349057ba693f08e7b1ca7a0e06f9c33c63bc6280007b/pyinstaller-6.21.0-py3-none-musllinux_1_1_x86_64.whl", hash = "sha256:42395ec76df8e8120c36b13339d9db8cab83e316a12839ee303cc00fc941bb74", size = 753779, upload-time = "2026-06-13T14:14:29.445Z" },
    { url = "https://files.pythonhosted.org/packages/c9/76/1ce8a27ce62ba8cf3a87c9ce6d575610f4e55d7cb0123e7512fc3f4b921a/pyinstaller-6.21.0-py3-none-win32.whl", hash = "sha256:c6b28d30d8fd99ce162ff3aab5013ed44dbfb747566b1f01b9bed7964d7c14e9", size = 1336462, upload-time = "2026-06-13T14:14:35.785Z" },
    { url = "https://files.pythonhosted.org/packages/c1/fa/ca1d7e5257dd8566a9dfc0dfb02f8a8075eeb53d4b2d3c579f1276759042/pyinstaller-6.21.0-py3-none-win_amd64.whl", hash = "sha256:7fae06c494ce0ebfe6bd3055c0e409def884f63af2e3705d06bd431ad9237fc7", size = 1397487, upload-time = "2026-06-13T14:14:42.328Z" },
    { url = "https://files.pythonhosted.org/packages/dc/75/21b51523ce8d96629b71311775a0a65f5f5a872124ab0de33e5c848f8bff/pyinstaller-6.21.0-py3-none-win_arm64.whl", hash = "sha256:f13c95c9c03fb567217135919f93815c305813126780b0ed6e0123cb8acaf025", size = 1346094, upload-time = "2026-06-13T14:14:48.914Z" },
]

[[package]]
name = "pyinstaller-hooks-contrib"
version = "2026.6"
source = { registry = "https://pypi.org/simple" }
dependencies = [
    { name = "packaging" },
]
sdist = { url = "https://files.pythonhosted.org/packages/94/5b/c9fe0db5e83ee1c39b2258fa21d23b15e1a60786b6c5990ee5074ead8bb6/pyinstaller_hooks_contrib-2026.6.tar.gz", hash = "sha256:bef5002c32f4f50bd55b005da12cff64eca8783e7eaf86a06a62410164bab725", size = 173354, upload-time = "2026-06-08T22:37:16.152Z" }
wheels = [
    { url = "https://files.pythonhosted.org/packages/e7/31/f2d7343d8ed5f7c4678377886f6ce533e6eaaa131b252ce950114c2a7efa/pyinstaller_hooks_contrib-2026.6-py3-none-any.whl", hash = "sha256:fd13b8ac126b35361175edacd41a0d97080b75dd5f4b594ecefefff969509dd3", size = 457159, upload-time = "2026-06-08T22:37:14.722Z" },
]

[[package]]
name = "pyside6"
version = "6.11.1"
source = { registry = "https://pypi.org/simple" }
dependencies = [
    { name = "pyside6-addons" },
    { name = "pyside6-essentials" },
    { name = "shiboken6" },
]
wheels = [
    { url = "https://files.pythonhosted.org/packages/da/a6/27ba5947ed48918f7b74b7c43a1e280aac069e36f25adeb4c9adfac835c4/pyside6-6.11.1-cp310-abi3-macosx_13_0_universal2.whl", hash = "sha256:537682c3b7530817203e667c1f5a2f00486b37bf52c52eeab438544c7a0917f6", size = 571921, upload-time = "2026-05-13T09:47:36.402Z" },
    { url = "https://files.pythonhosted.org/packages/d8/de/af89d71410c83b10654d86ff9aff2a4f87c30163658f1cc145242e222526/pyside6-6.11.1-cp310-abi3-manylinux_2_34_x86_64.whl", hash = "sha256:b1fc521ba2bb5109425ab8add06bddbdd524abcad06cfa012cc39a22a189feb2", size = 572102, upload-time = "2026-05-13T09:47:38.249Z" },
    { url = "https://files.pythonhosted.org/packages/b6/0e/d583bd3f7bf5046a4497b36f3902cfb64aa29554489a5a25c18e6b4ac0ac/pyside6-6.11.1-cp310-abi3-manylinux_2_39_aarch64.whl", hash = "sha256:75f0005c3eb95c07cfb65522ec50d0815ac007a96482c21dc3cb4b4c04895d84", size = 572098, upload-time = "2026-05-13T09:47:39.44Z" },
    { url = "https://files.pythonhosted.org/packages/57/f2/d9d8ce1373dabb37e5919f63cd18446556079631d3f2eea3ada03c29f6b8/pyside6-6.11.1-cp310-abi3-win_amd64.whl", hash = "sha256:0968877ab1fb4ef3587a284da6fe05e8647ada56a6a3750b6395188e01f4aba6", size = 578377, upload-time = "2026-05-13T09:47:40.76Z" },
    { url = "https://files.pythonhosted.org/packages/96/02/a6057d8bd2bdb1940820fff2d627fdf4013148c9c57adf69fa40d3452ac3/pyside6-6.11.1-cp310-abi3-win_arm64.whl", hash = "sha256:acee467cb5f256cc47ebb9d815a054c1d8416da380c191b247a76d164aa3f805", size = 561765, upload-time = "2026-05-13T09:47:41.9Z" },
]

[[package]]
name = "pyside6-addons"
version = "6.11.1"
source = { registry = "https://pypi.org/simple" }
dependencies = [
    { name = "pyside6-essentials" },
    { name = "shiboken6" },
]
wheels = [
    { url = "https://files.pythonhosted.org/packages/3f/6b/8bc94aff48b63f788f2d84e5467c12362d68906ba742c0942f46cb04c879/pyside6_addons-6.11.1-cp310-abi3-macosx_13_0_universal2.whl", hash = "sha256:54733c77f789bef5f03c6aff4ad3bec8b2eff021f0cfcbc53d5e6c250ded24f9", size = 331714589, upload-time = "2026-05-13T09:39:12.36Z" },
    { url = "https://files.pythonhosted.org/packages/dd/62/fb1428a523b2a4541e232aab50d9e789e6b4526f37fd9593452a7ea5b6b3/pyside6_addons-6.11.1-cp310-abi3-manylinux_2_34_x86_64.whl", hash = "sha256:8e6c65fbd73a512d6f72cda8d8277444a85a34dc99dd1dae9c21d35b8671bb1f", size = 175063224, upload-time = "2026-05-13T09:39:34.185Z" },
    { url = "https://files.pythonhosted.org/packages/ee/9b/2ccd52f66db55c06de65d0501170a1935d04d64d0a230c0d892284a02ce3/pyside6_addons-6.11.1-cp310-abi3-manylinux_2_39_aarch64.whl", hash = "sha256:bf1c6c4e954e5eba3d2a7c661ad4b9689e8f09c7f4a16bdf29713371d11af993", size = 170553429, upload-time = "2026-05-13T09:39:54.424Z" },
    { url = "https://files.pythonhosted.org/packages/9a/bd/8adc4d350b3b363f3dfc8fccdcf5bfed25f7e36c2fff30c64e106f4f1572/pyside6_addons-6.11.1-cp310-abi3-win_amd64.whl", hash = "sha256:0d13c4dfd671b050a48e4f8d8ddc724b7248f9c0437e7fc47fdf316278572923", size = 168816308, upload-time = "2026-05-13T09:40:13.541Z" },
    { url = "https://files.pythonhosted.org/packages/65/b7/9a840d97f0f0f04e372a87e205dd30ee285b4e3b021b188459a917c9dc76/pyside6_addons-6.11.1-cp310-abi3-win_arm64.whl", hash = "sha256:3494f480dee92f415be2f2d989c0b3f4755ac332b28045cbf4ba0f5c5a22ba37", size = 35759347, upload-time = "2026-05-13T09:40:21.199Z" },
]

[[package]]
name = "pyside6-essentials"
version = "6.11.1"
source = { registry = "https://pypi.org/simple" }
dependencies = [
    { name = "shiboken6" },
]
wheels = [
    { url = "https://files.pythonhosted.org/packages/b3/da/10d9197e7370eb4fed8df5fc547b7548dec88e5c5949e2d450db4ae96feb/pyside6_essentials-6.11.1-cp310-abi3-macosx_13_0_universal2.whl", hash = "sha256:228de53c2bc26b07e5021fbe3614fc44ca08e4dab9999af08c2b389d2c239957", size = 110352945, upload-time = "2026-05-13T09:43:08.006Z" },
    { url = "https://files.pythonhosted.org/packages/5c/49/0e1237c4400bec7e335d2c4eeb49bc40d9fd88a9ac44ca9083ce1abdc308/pyside6_essentials-6.11.1-cp310-abi3-manylinux_2_34_x86_64.whl", hash = "sha256:e3ef7027b41e4e55fadb56e3b3257dc8ee92154b639fe67fc4c8e05e9d976c60", size = 79908535, upload-time = "2026-05-13T09:43:24.836Z" },
    { url = "https://files.pythonhosted.org/packages/4c/c5/da4c5f23c6540ac5211a1f60177c8dee84b1bf40f2719479587ab8c60731/pyside6_essentials-6.11.1-cp310-abi3-manylinux_2_39_aarch64.whl", hash = "sha256:a039b6da68a3a4b9d243217b2b98d475eed3f617159ef6be925badab53c11b0d", size = 78960051, upload-time = "2026-05-13T09:43:35.423Z" },
    { url = "https://files.pythonhosted.org/packages/64/0e/b663ecc96ca57b5c91b83b6615d6b174380b0faf30338125c26e053d6aa7/pyside6_essentials-6.11.1-cp310-abi3-win_amd64.whl", hash = "sha256:63311bd48e32c584599ab04b9ef7c324082374cd2c9fa533f978fb893bb47e40", size = 77549267, upload-time = "2026-05-13T09:43:44.92Z" },
    { url = "https://files.pythonhosted.org/packages/f1/12/eb6723faf5cb7fa581145da1c15f40d641b96e080f0491af2f1859fdeedb/pyside6_essentials-6.11.1-cp310-abi3-win_arm64.whl", hash = "sha256:11253ea52aabecefe9febddbbe78b43a824129e3af1cec98431028fba7fa954f", size = 57964512, upload-time = "2026-05-13T09:43:52.968Z" },
]

[[package]]
name = "pytest"
version = "9.1.1"
source = { registry = "https://pypi.org/simple" }
dependencies = [
    { name = "colorama", marker = "sys_platform == 'win32'" },
    { name = "iniconfig" },
    { name = "packaging" },
    { name = "pluggy" },
    { name = "pygments" },
]
sdist = { url = "https://files.pythonhosted.org/packages/e4/47/b9efed96c114afcfa3c9d3fe98a76a1d14c74a9e266d397cf6eb64be5e01/pytest-9.1.1.tar.gz", hash = "sha256:1088fbde8f2b49d95a549a195707afa7a76a3ce9bcadc26b6d71f0ffda5fe313", size = 1636369, upload-time = "2026-06-19T10:58:32.857Z" }
wheels = [
    { url = "https://files.pythonhosted.org/packages/24/25/1de2678b631f5a49215c6c96fff41ba892b0a34df68d6d80292b1b48aa7f/pytest-9.1.1-py3-none-any.whl", hash = "sha256:37a86b45efb9a47a61a36449063e8e18d0cab3161329fc099eb21783169c4f0c", size = 386536, upload-time = "2026-06-19T10:58:31.347Z" },
]

[[package]]
name = "pytest-cov"
version = "7.1.0"
source = { registry = "https://pypi.org/simple" }
dependencies = [
    { name = "coverage" },
    { name = "pluggy" },
    { name = "pytest" },
]
sdist = { url = "https://files.pythonhosted.org/packages/b1/51/a849f96e117386044471c8ec2bd6cfebacda285da9525c9106aeb28da671/pytest_cov-7.1.0.tar.gz", hash = "sha256:30674f2b5f6351aa09702a9c8c364f6a01c27aae0c1366ae8016160d1efc56b2", size = 55592, upload-time = "2026-03-21T20:11:16.284Z" }
wheels = [
    { url = "https://files.pythonhosted.org/packages/9d/7a/d968e294073affff457b041c2be9868a40c1c71f4a35fcc1e45e5493067b/pytest_cov-7.1.0-py3-none-any.whl", hash = "sha256:a0461110b7865f9a271aa1b51e516c9a95de9d696734a2f71e3e78f46e1d4678", size = 22876, upload-time = "2026-03-21T20:11:14.438Z" },
]

[[package]]
name = "pytest-qt"
version = "4.5.0"
source = { registry = "https://pypi.org/simple" }
dependencies = [
    { name = "pluggy" },
    { name = "pytest" },
    { name = "typing-extensions" },
]
sdist = { url = "https://files.pythonhosted.org/packages/d3/61/8bdec02663c18bf5016709b909411dce04a868710477dc9b9844ffcf8dd2/pytest_qt-4.5.0.tar.gz", hash = "sha256:51620e01c488f065d2036425cbc1cbcf8a6972295105fd285321eb47e66a319f", size = 128702, upload-time = "2025-07-01T17:24:39.889Z" }
wheels = [
    { url = "https://files.pythonhosted.org/packages/cc/d0/8339b888ad64a3d4e508fed8245a402b503846e1972c10ad60955883dcbb/pytest_qt-4.5.0-py3-none-any.whl", hash = "sha256:ed21ea9b861247f7d18090a26bfbda8fb51d7a8a7b6f776157426ff2ccf26eff", size = 37214, upload-time = "2025-07-01T17:24:38.226Z" },
]

[[package]]
name = "pywin32-ctypes"
version = "0.2.3"
source = { registry = "https://pypi.org/simple" }
sdist = { url = "https://files.pythonhosted.org/packages/85/9f/01a1a99704853cb63f253eea009390c88e7131c67e66a0a02099a8c917cb/pywin32-ctypes-0.2.3.tar.gz", hash = "sha256:d162dc04946d704503b2edc4d55f3dba5c1d539ead017afa00142c38b9885755", size = 29471, upload-time = "2024-08-14T10:15:34.626Z" }
wheels = [
    { url = "https://files.pythonhosted.org/packages/de/3d/8161f7711c017e01ac9f008dfddd9410dff3674334c233bde66e7ba65bbf/pywin32_ctypes-0.2.3-py3-none-any.whl", hash = "sha256:8a1513379d709975552d202d942d9837758905c8d01eb82b8bcc30918929e7b8", size = 30756, upload-time = "2024-08-14T10:15:33.187Z" },
]

[[package]]
name = "ruff"
version = "0.15.18"
source = { registry = "https://pypi.org/simple" }
sdist = { url = "https://files.pythonhosted.org/packages/74/98/1295ad5a5aa9bc85bdcdfa5d82fe7b49c61af5657df4f227637ff9de0da6/ruff-0.15.18.tar.gz", hash = "sha256:2698a964c70e8bf402dcb99c8810472d270d141e7aa8c4e13599fd52033a2f33", size = 4761437, upload-time = "2026-06-18T18:25:39.224Z" }
wheels = [
    { url = "https://files.pythonhosted.org/packages/b9/d0/686e984941269621e2be72612d5c1e461f8f7b38415a2a7d7a81c8ae6715/ruff-0.15.18-py3-none-linux_armv6l.whl", hash = "sha256:8b6850172348c8381b8b3084c5915a4393c2373b9b54cd5b5e1ea15812bc10df", size = 10887308, upload-time = "2026-06-18T18:25:03.062Z" },
    { url = "https://files.pythonhosted.org/packages/ed/21/bc4123e3f5515ee99f8ce1eb93a14a0628fe4d1678663cd08f933ac16931/ruff-0.15.18-py3-none-macosx_10_12_x86_64.whl", hash = "sha256:3fccc153a85417dcd976883160cacce486997b0a0058dd18f54b8aaaac7d1ce2", size = 11281305, upload-time = "2026-06-18T18:25:30.026Z" },
    { url = "https://files.pythonhosted.org/packages/51/93/4769464c25cf7ab2acb3c7dda9cad3d867eb41c59565b3e2a9d17249c90c/ruff-0.15.18-py3-none-macosx_11_0_arm64.whl", hash = "sha256:08d4c86a68f2c3ec2c9d56380a71fb4a4f65373055cbb8caabd645e9102f38d4", size = 10641215, upload-time = "2026-06-18T18:25:15.802Z" },
    { url = "https://files.pythonhosted.org/packages/6c/42/56926d17120db2c208d76bf60a1a019644dd9e91dc27f0f95c9caddb1366/ruff-0.15.18-py3-none-manylinux_2_17_aarch64.manylinux2014_aarch64.whl", hash = "sha256:37e5108745c2c0705da916d7d4de533ddf547051ef45f62888c31bae73f66318", size = 10957224, upload-time = "2026-06-18T18:25:36.955Z" },
    { url = "https://files.pythonhosted.org/packages/22/4f/d43fab8d8189afde803103022d000a8ef9f230616d436d52a8b2b8d63b50/ruff-0.15.18-py3-none-manylinux_2_17_armv7l.manylinux2014_armv7l.whl", hash = "sha256:56949a6ce8b3abde54c0bcb22cebfe57e8771cadc84b407ae8b8eaf67ebdcd43", size = 10699024, upload-time = "2026-06-18T18:25:05.707Z" },
    { url = "https://files.pythonhosted.org/packages/63/42/1e3e4c68bd408b9768cf3e439acbe2c78245225faef253f7028a0cdb63e0/ruff-0.15.18-py3-none-manylinux_2_17_i686.manylinux2014_i686.whl", hash = "sha256:01a754cd6a1b630d3f97e33eb452cf7a98040482318e870f8bc52a5a30e62657", size = 11491458, upload-time = "2026-06-18T18:25:20.275Z" },
    { url = "https://files.pythonhosted.org/packages/20/77/47a3484bea8521e14a203d98c389c5c97846675e4f02734672da4a69b52a/ruff-0.15.18-py3-none-manylinux_2_17_ppc64le.manylinux2014_ppc64le.whl", hash = "sha256:6ba7a07e03a44dbf10bb086ee06705b173625014ec99f73a7e6836a5e5590a0c", size = 12383752, upload-time = "2026-06-18T18:25:22.535Z" },
    { url = "https://files.pythonhosted.org/packages/0a/ca/054159590787023d83b658a1a1819c4c8910114e7015069340b71c0961cb/ruff-0.15.18-py3-none-manylinux_2_17_s390x.manylinux2014_s390x.whl", hash = "sha256:5a2c40a41a4cadbcf5897b548ab29dfe248b20c540961c0247d98a3973c70403", size = 11577923, upload-time = "2026-06-18T18:25:10.702Z" },
    { url = "https://files.pythonhosted.org/packages/6d/ff/d353d6b7bbd73cc0ec37f4463d7540e45e894338abdd9964eee0de332708/ruff-0.15.18-py3-none-manylinux_2_17_x86_64.manylinux2014_x86_64.whl", hash = "sha256:5f0480ce690cbb6c4db6e5d08f19fce98e10ba131a8b60c1bcdac42771e3ae2d", size = 11583925, upload-time = "2026-06-18T18:25:32.391Z" },
    { url = "https://files.pythonhosted.org/packages/c1/4a/891f89b9c296ed3e5f3ece1a5629badc989d9a8fdaa30431aaf4774bc1c2/ruff-0.15.18-py3-none-manylinux_2_31_riscv64.whl", hash = "sha256:2330215f1f393fa8733f55edce04fcf94c36a2c460fcde31f78cc84e4951e9b1", size = 11582834, upload-time = "2026-06-18T18:25:27.309Z" },
    { url = "https://files.pythonhosted.org/packages/32/a3/ed9e370154bf85de360b93c03026157f02d4943b2d01ff4945f4429f8e8a/ruff-0.15.18-py3-none-musllinux_1_2_aarch64.whl", hash = "sha256:a6aa6a3d979e48ae617578183674bf264fbe7d0114a796a26bd678d67963c7ff", size = 10927328, upload-time = "2026-06-18T18:25:34.676Z" },
    { url = "https://files.pythonhosted.org/packages/f5/d1/5cf5909329fedb5d39d555ee818ba5cf4638e1a301b89785d34f2905bfcb/ruff-0.15.18-py3-none-musllinux_1_2_armv7l.whl", hash = "sha256:a81beadbbff2c9c245561ae3f77b16709d87f35eec650d0501679239d3449b22", size = 10693187, upload-time = "2026-06-18T18:25:08.245Z" },
    { url = "https://files.pythonhosted.org/packages/fd/44/ff6c635cf2c4f4e7b618b6640da057376baa36014695487d88aed4794268/ruff-0.15.18-py3-none-musllinux_1_2_i686.whl", hash = "sha256:2186d9e940ae332ab293623a75b5f4fe49565f449954d50a72a046683aa6b809", size = 11208721, upload-time = "2026-06-18T18:25:41.327Z" },
    { url = "https://files.pythonhosted.org/packages/88/d9/5baa2a30861adfb7022cf33c1e35b2fc18085b08c16f83eff4c7b99a5f48/ruff-0.15.18-py3-none-musllinux_1_2_x86_64.whl", hash = "sha256:5c2abf140438032bc77b2284a6c9944ecd8a19e5f1c7b52b1b8e4a0a80d19a7a", size = 11678599, upload-time = "2026-06-18T18:25:13.607Z" },
    { url = "https://files.pythonhosted.org/packages/c3/1a/0725a7cfdc32ff769efb96ee782bec882e16448c5d9e3be947ec4c04ce27/ruff-0.15.18-py3-none-win32.whl", hash = "sha256:02299e6e9fa5b297a3f6d5d10d7bcd655c925b028bb8b9d4588214549c6b9ec4", size = 10901903, upload-time = "2026-06-18T18:25:24.755Z" },
    { url = "https://files.pythonhosted.org/packages/f3/51/805d9f6fb7970505c3504794a5ec350f605361b807fef4dcf214ebd35e72/ruff-0.15.18-py3-none-win_amd64.whl", hash = "sha256:dac80dc8d26b2257dbefabed62f5d255c3937b4ccb122da1fc634794fa3578b3", size = 12041189, upload-time = "2026-06-18T18:25:17.915Z" },
    { url = "https://files.pythonhosted.org/packages/29/4c/67bb45e41609eb4726f1bfeb59e083cf91d14c696d4bd14c234a980be93d/ruff-0.15.18-py3-none-win_arm64.whl", hash = "sha256:b2c9257fcbd4a3e5b977a1904e6facca016bafe2edc17df24db67cfaee03b4e4", size = 11329958, upload-time = "2026-06-18T18:25:43.686Z" },
]

[[package]]
name = "seekbar"
version = "0.1.0"
source = { editable = "." }
dependencies = [
    { name = "pyside6" },
]

[package.dev-dependencies]
dev = [
    { name = "assertpy2" },
    { name = "pyinstaller" },
    { name = "pytest" },
    { name = "pytest-cov" },
    { name = "pytest-qt" },
    { name = "ruff" },
    { name = "ty" },
]

[package.metadata]
requires-dist = [{ name = "pyside6", specifier = ">=6.11.1" }]

[package.metadata.requires-dev]
dev = [
    { name = "assertpy2", specifier = ">=2.6.0" },
    { name = "pyinstaller", specifier = ">=6.21.0" },
    { name = "pytest", specifier = ">=9.1.1" },
    { name = "pytest-cov", specifier = ">=7.1.0" },
    { name = "pytest-qt", specifier = ">=4.5.0" },
    { name = "ruff", specifier = ">=0.15.18" },
    { name = "ty", specifier = ">=0.0.51" },
]

[[package]]
name = "setuptools"
version = "82.0.1"
source = { registry = "https://pypi.org/simple" }
sdist = { url = "https://files.pythonhosted.org/packages/4f/db/cfac1baf10650ab4d1c111714410d2fbb77ac5a616db26775db562c8fab2/setuptools-82.0.1.tar.gz", hash = "sha256:7d872682c5d01cfde07da7bccc7b65469d3dca203318515ada1de5eda35efbf9", size = 1152316, upload-time = "2026-03-09T12:47:17.221Z" }
wheels = [
    { url = "https://files.pythonhosted.org/packages/9d/76/f789f7a86709c6b087c5a2f52f911838cad707cc613162401badc665acfe/setuptools-82.0.1-py3-none-any.whl", hash = "sha256:a59e362652f08dcd477c78bb6e7bd9d80a7995bc73ce773050228a348ce2e5bb", size = 1006223, upload-time = "2026-03-09T12:47:15.026Z" },
]

[[package]]
name = "shiboken6"
version = "6.11.1"
source = { registry = "https://pypi.org/simple" }
wheels = [
    { url = "https://files.pythonhosted.org/packages/17/f3/f2b63df0251e7cd3172ea28e32ede52739de9566bcefcd0178681538ac81/shiboken6-6.11.1-cp310-abi3-macosx_13_0_universal2.whl", hash = "sha256:1a16867f103ef1c662a5f09dfed03273a9f81688b174555162c58e83650a3f02", size = 476874, upload-time = "2026-05-13T09:47:01.091Z" },
    { url = "https://files.pythonhosted.org/packages/c7/9b/e0355d8897b5c150770f1d95718aad17d432fcc9c035c04f3f58427d4693/shiboken6-6.11.1-cp310-abi3-manylinux_2_34_x86_64.whl", hash = "sha256:9a8bccfafc8805254cabcfa1edfaf55cd52889f4998c91ad0d9a4433fb1bcdbe", size = 272222, upload-time = "2026-05-13T09:47:02.653Z" },
    { url = "https://files.pythonhosted.org/packages/57/d5/dd4f1defed400be03340f2ede34b61f846776650b4e7ed9ebaf4c71979a2/shiboken6-6.11.1-cp310-abi3-manylinux_2_39_aarch64.whl", hash = "sha256:1bd2f4314414df2d122d9f646e03b731bc6d6b5f77a5f53f99a4fe4e97d84e6f", size = 270350, upload-time = "2026-05-13T09:47:04.02Z" },
    { url = "https://files.pythonhosted.org/packages/52/b5/3f6fb2ee65b534193fb4ef713dd619dc31dadff5d12c16979a7699ad58be/shiboken6-6.11.1-cp310-abi3-win_amd64.whl", hash = "sha256:c2c6863aa80ec18c0f82cea3417837b279cdc60024ac17123461dc9042577df7", size = 1223647, upload-time = "2026-05-13T09:47:05.924Z" },
    { url = "https://files.pythonhosted.org/packages/98/d1/f15ca0e1666faae02c945f48e745ea35f8fcd8243b176109b4e2c4251f47/shiboken6-6.11.1-cp310-abi3-win_arm64.whl", hash = "sha256:7c8d9af17db4495d4fa5b1c393f218311c4855546b9dfa6a0bd21bcd66b55e9d", size = 1784170, upload-time = "2026-05-13T09:47:07.617Z" },
]

[[package]]
name = "ty"
version = "0.0.51"
source = { registry = "https://pypi.org/simple" }
sdist = { url = "https://files.pythonhosted.org/packages/7e/ce/352fcdba5c72ea20e5d2e46e28809cdb617575b71209d971eff2ace8e6c4/ty-0.0.51.tar.gz", hash = "sha256:b90172d46365bb9d51a7011cbb5c60cc4f514f42c86635df6c092b717f85e1ac", size = 5953151, upload-time = "2026-06-19T01:48:58.015Z" }
wheels = [
    { url = "https://files.pythonhosted.org/packages/2b/8f/8fe7cab79a45320b2cdcd602f16d44c8108d2f418ff7ec316c6212f1f0cc/ty-0.0.51-py3-none-linux_armv6l.whl", hash = "sha256:947986bd82d324b3a5c58ce03f1dad160cdf36443d3e8f64b3484b861ba9bc64", size = 11884805, upload-time = "2026-06-19T01:48:20.184Z" },
    { url = "https://files.pythonhosted.org/packages/fa/b4/56fdc39a3f44c0564fd157e1e59e1f9c3fc5ba57ae4472ded85c67c63d74/ty-0.0.51-py3-none-macosx_10_12_x86_64.whl", hash = "sha256:25a5b31e6f23fd5dc63ad29087ded09932409e4154e2fe07bbaed015035990bb", size = 11633593, upload-time = "2026-06-19T01:48:22.998Z" },
    { url = "https://files.pythonhosted.org/packages/33/57/136e83f24fc04f5afdcabff42f40fa27eae5ac3f0e3f12627d072a55f679/ty-0.0.51-py3-none-macosx_11_0_arm64.whl", hash = "sha256:2faed19a8f1505370de071c008df52a994fc03a204f3267c3a33a32ca26f854f", size = 11063076, upload-time = "2026-06-19T01:48:25.223Z" },
    { url = "https://files.pythonhosted.org/packages/32/f8/5d32f0df5692446440ab781b9b119aa3e0c0dbfa78c583fe9be8417d54fa/ty-0.0.51-py3-none-manylinux_2_17_aarch64.manylinux2014_aarch64.whl", hash = "sha256:08adbe53fb8bc9e7f00e89bf1d3c875a02cda76d83f109d2e6ab1ff35a7bfa8c", size = 11579542, upload-time = "2026-06-19T01:48:27.302Z" },
    { url = "https://files.pythonhosted.org/packages/7f/0c/4f54ef338e9623886809ecd508931b0cd5b3aba1e591586a2f6aeaa8bd11/ty-0.0.51-py3-none-manylinux_2_17_armv7l.manylinux2014_armv7l.whl", hash = "sha256:dc5e93695ab5dcbf1eef663aee60ec23a413547cc9cb06adcb0d842e9166bd0f", size = 11676189, upload-time = "2026-06-19T01:48:29.518Z" },
    { url = "https://files.pythonhosted.org/packages/56/27/31729066f9b9d3596941edaf267894eefc0b30df4518f003dba5f7276258/ty-0.0.51-py3-none-manylinux_2_17_i686.manylinux2014_i686.whl", hash = "sha256:abd92913bc90d1705ef9391ff8c6822b61e2e827fa295eb30bf0dfabcf815645", size = 12188154, upload-time = "2026-06-19T01:48:31.68Z" },
    { url = "https://files.pythonhosted.org/packages/2f/38/d4301aa12d2283c7130908baf1417a37dfe3e10f5669cb4ce2853c2540b4/ty-0.0.51-py3-none-manylinux_2_17_ppc64le.manylinux2014_ppc64le.whl", hash = "sha256:429a997394dac73870d71b87cc90efc54da3efaf319e72ca18aeef35a78aef90", size = 12780597, upload-time = "2026-06-19T01:48:33.839Z" },
    { url = "https://files.pythonhosted.org/packages/c1/52/4b2e67e53f126d39abe201bd2299e467e27463a284e965ad195cbc217fa0/ty-0.0.51-py3-none-manylinux_2_17_s390x.manylinux2014_s390x.whl", hash = "sha256:62d94f06e8c317e89b6884f2bde443040e596b88c7c79bd944c84c105b06257a", size = 12491115, upload-time = "2026-06-19T01:48:36.169Z" },
    { url = "https://files.pythonhosted.org/packages/74/50/aabfe55c132ebe72b4d639cbf772d931e11b0990d29c1f691922b6ccabc1/ty-0.0.51-py3-none-manylinux_2_17_x86_64.manylinux2014_x86_64.whl", hash = "sha256:f8f52952cff665bc52a36147e610c10f5699d30007d7a14ab7f345cff93476ff", size = 12230135, upload-time = "2026-06-19T01:48:38.445Z" },
    { url = "https://files.pythonhosted.org/packages/0d/1b/9aa428052dbed91c50919cd080426a313cf20ce14c6bfe2b71345e548671/ty-0.0.51-py3-none-manylinux_2_31_riscv64.whl", hash = "sha256:c1bd1355aee86af01e4e21b0bc16fc460fb05905761f0d8b8d70841de0feade8", size = 12468123, upload-time = "2026-06-19T01:48:40.47Z" },
    { url = "https://files.pythonhosted.org/packages/0b/5a/f6ce69f2575259386c950c40e02578d0902760cb61f95045e9971182c24e/ty-0.0.51-py3-none-musllinux_1_2_aarch64.whl", hash = "sha256:79d1877e93460f936bc10ed1a31525702b7ce51075763ccba993be17f0b9e905", size = 11541672, upload-time = "2026-06-19T01:48:42.635Z" },
    { url = "https://files.pythonhosted.org/packages/35/3a/2af48924a683e959e95e5cc4dc88e5a8595206a0812b869032b95196f2b0/ty-0.0.51-py3-none-musllinux_1_2_armv7l.whl", hash = "sha256:cc233a6235fb23e2a44b14731a10043e37ba2f30f2c361cf49ad3633c5b9da9c", size = 11694015, upload-time = "2026-06-19T01:48:44.819Z" },
    { url = "https://files.pythonhosted.org/packages/a4/12/899875d8a60b198c8121cb92ce18e18cc072d23ca2130fcdaa176383ef72/ty-0.0.51-py3-none-musllinux_1_2_i686.whl", hash = "sha256:bc7459348a253247bbfb2669a021e614281b86bbea24c36112b8a6e1a2499a16", size = 11832856, upload-time = "2026-06-19T01:48:47.028Z" },
    { url = "https://files.pythonhosted.org/packages/e6/a2/88f681d826d97cc96ef9f6cadd4935f775758944cee07340aa46113bce28/ty-0.0.51-py3-none-musllinux_1_2_x86_64.whl", hash = "sha256:49a21237f6fd1de56beaff0a3e85fe022a09a3401e67e3abec41ce838a5d4d2e", size = 12333449, upload-time = "2026-06-19T01:48:49.091Z" },
    { url = "https://files.pythonhosted.org/packages/f8/61/535a4163b4452c6978c31fedfd7b5803cf3a2253e9455cde350f86638d6a/ty-0.0.51-py3-none-win32.whl", hash = "sha256:61b4b6a003c3ebe53a63a1125c9b6542aa01bc1b6c9a235d01ee328d000d61a9", size = 11177338, upload-time = "2026-06-19T01:48:51.433Z" },
    { url = "https://files.pythonhosted.org/packages/aa/4d/2334fbb74291a20129fa7aaa8f789619ec9b6883b27f997b8baa27e4674f/ty-0.0.51-py3-none-win_amd64.whl", hash = "sha256:608d417cd1eaf79bcbd713d9830d5e3db9d57ec225c3af3e4ac9a9ff66b45d70", size = 12325675, upload-time = "2026-06-19T01:48:53.774Z" },
    { url = "https://files.pythonhosted.org/packages/50/b5/d49096cd5f3694becb86a5a6ccd0f229ead695fc7430d6bc4dd0a104c6fe/ty-0.0.51-py3-none-win_arm64.whl", hash = "sha256:62ced5e380284f12b2dc4802a3e4ed3dac39913fc6719afde7978814a4c7f169", size = 11657350, upload-time = "2026-06-19T01:48:55.904Z" },
]

[[package]]
name = "typing-extensions"
version = "4.15.0"
source = { registry = "https://pypi.org/simple" }
sdist = { url = "https://files.pythonhosted.org/packages/72/94/1a15dd82efb362ac84269196e94cf00f187f7ed21c242792a923cdb1c61f/typing_extensions-4.15.0.tar.gz", hash = "sha256:0cea48d173cc12fa28ecabc3b837ea3cf6f38c6d1136f85cbaaf598984861466", size = 109391, upload-time = "2025-08-25T13:49:26.313Z" }
wheels = [
    { url = "https://files.pythonhosted.org/packages/18/67/36e9267722cc04a6b9f15c7f3441c2363321a3ea07da7ae0c0707beb2a9c/typing_extensions-4.15.0-py3-none-any.whl", hash = "sha256:f0fa19c6845758ab08074a0cfa8b7aecb71c999ca73d62883bc25cc018c4e548", size = 44614, upload-time = "2025-08-25T13:49:24.86Z" },
]
